<?xml version="1.0" encoding="utf-8"?>
<Project ToolsVersion="4.0" xmlns="http://schemas.microsoft.com/developer/msbuild/2003">
  <ItemGroup>
    <Filter Include="소스 파일">
      <UniqueIdentifier>{4FC737F1-C7A5-4376-A066-2A32D752A2FF}</UniqueIdentifier>
      <Extensions>cpp;c;cc;cxx;def;odl;idl;hpj;bat;asm;asmx</Extensions>
    </Filter>
    <Filter Include="헤더 파일">
      <UniqueIdentifier>{93995380-89BD-4b04-88EB-625FBE52EBFB}</UniqueIdentifier>
      <Extensions>h;hh;hpp;hxx;hm;inl;inc;ipp;xsd</Extensions>
    </Filter>
    <Filter Include="리소스 파일">
      <UniqueIdentifier>{67DA6AB6-F800-4c08-8B7A-83BB121AAD01}</UniqueIdentifier>
      <Extensions>rc;ico;cur;bmp;dlg;rc2;rct;bin;rgs;gif;jpg;jpeg;jpe;resx;tiff;tif;png;wav;mfcribbon-ms</Extensions>
    </Filter>
  </ItemGroup>
  <ItemGroup>
    <ClCompile Include="..\main.c">
      <Filter>소스 파일</Filter>
    </ClCompile>
    <ClCompile Include="..\myADC.c">
      <Filter>소스 파일</Filter>
    </ClCompile>
    <ClCompile Include="..\myEXTI.c">
      <Filter>소스 파일</Filter>
    </ClCompile>
    <ClCompile Include="..\myFunc.c">
      <Filter>소스 파일</Filter>
    </ClCompile>
    <ClCompile Include="..\myGPIO.c">
      <Filter>소스 파일</Filter>
    </ClCompile>
    <ClCompile Include="..\myPWM.c">
      <Filter>소스 파일</Filter>
    </ClCompile>
    <ClCompile Include="..\myRCC.c">
      <Filter>소스 파일</Filter>
    </ClCompile>
    <ClCompile Include="..\myStepper.c">
      <Filter>소스 파일</Filter>
    </ClCompile>
    <ClCompile Include="..\mySysTick.c">
      <Filter>소스 파일</Filter>
    </ClCompile>
    <ClCompile Include="..\myTIM.c">
      <Filter>소스 파일</Filter>
    </ClCompile>
    <ClCompile Include="..\myUART.c">
      <Filter>소스 파일</Filter>
    </ClCompile>
  </ItemGroup>
  <ItemGroup>
    <ClInclude Include="..\myADC.h">
      <Filter>소스 파일</Filter>
    </ClInclude>
    <ClInclude Include="..\myEXTI.h">
      <Filter>소스 파일</Filter>
    </ClInclude>
    <ClInclude Include="..\myFunc.h">
      <Filter>소스 파일</Filter>
    </ClInclude>
    <ClInclude Include="..\myGPIO.h">
      <Filter>소스 파일</Filter>
    </ClInclude>
    <ClInclude Include="..\myHEADER.h">
      <Filter>소스 파일</Filter>
    </ClInclude>
    <ClInclude Include="..\myPWM.h">
      <Filter>소스 파일</Filter>
    </ClInclude>
    <ClInclude Include="..\myRCC.h">
      <Filter>소스 파일</Filter>
    </ClInclude>
    <ClInclude Include="..\myStepper.h">
      <Filter>소스 파일</Filter>
    </ClInclude>
    <ClInclude Include="..\mySysTick.h">
      <Filter>소스 파일</Filter>
    </ClInclude>
    <ClInclude Include="..\myTIM.h">
      <Filter>소스 파일</Filter>
    </ClInclude>
    <ClInclude Include="..\myUART.h">
      <Filter>소스 파일</Filter>
    </ClInclude>
  </ItemGroup>
</Project>